
Microsoft Visual Studio Solution File, Format Version 12.00
# Visual Studio Version 16
VisualStudioVersion = 16.0.30320.27
MinimumVisualStudioVersion = 10.0.40219.1
Project("{8BC9CEB8-8B4A-11D0-8D11-00A0C91BC942}") = "SandBox", "SandBox\SandBox.vcxproj", "{4B818403-B810-48E5-8BCF-037F3471E102}"
EndProject
Project("{8BC9CEB8-8B4A-11D0-8D11-00A0C91BC942}") = "Hazel", "Hazel\Hazel.vcxproj", "{88C21DF4-0B68-423D-950A-80A6D69FD250}"
EndProject
Global
	GlobalSection(SolutionConfigurationPlatforms) = preSolution
		Debug|x64 = Debug|x64
		Release|x64 = Release|x64
	EndGlobalSection
	GlobalSection(ProjectConfigurationPlatforms) = postSolution
		{4B818403-B810-48E5-8BCF-037F3471E102}.Debug|x64.ActiveCfg = Debug|x64
		{4B818403-B810-48E5-8BCF-037F3471E102}.Debug|x64.Build.0 = Debug|x64
		{4B818403-B810-48E5-8BCF-037F3471E102}.Release|x64.ActiveCfg = Release|x64
		{4B818403-B810-48E5-8BCF-037F3471E102}.Release|x64.Build.0 = Release|x64
		{88C21DF4-0B68-423D-950A-80A6D69FD250}.Debug|x64.ActiveCfg = Debug|x64
		{88C21DF4-0B68-423D-950A-80A6D69FD250}.Debug|x64.Build.0 = Debug|x64
		{88C21DF4-0B68-423D-950A-80A6D69FD250}.Release|x64.ActiveCfg = Release|x64
		{88C21DF4-0B68-423D-950A-80A6D69FD250}.Release|x64.Build.0 = Release|x64
	EndGlobalSection
	GlobalSection(SolutionProperties) = preSolution
		HideSolutionNode = FALSE
	EndGlobalSection
	GlobalSection(ExtensibilityGlobals) = postSolution
		SolutionGuid = {27F32ED6-9C2F-4ED8-AD4E-7CDE8C69A23E}
	EndGlobalSection
EndGlobal
